Microsoft Visual Studio Solution File, Format Version 11.00
# Visual Studio 2008

Project("{340C8625-FD1B-487B-94CB-1B4F7F0463C3}") = "Stadium3D", "Assembly-CSharp.csproj", "{242F9216-FEC3-F664-16F4-F5A60017E0ED}"
EndProject
Global
	GlobalSection(SolutionConfigurationPlatforms) = preSolution
		Debug|Any CPU = Debug|Any CPU
		Release|Any CPU = Release|Any CPU
	EndGlobalSection
	GlobalSection(ProjectConfigurationPlatforms) = postSolution
		{242F9216-FEC3-F664-16F4-F5A60017E0ED}.Debug|Any CPU.ActiveCfg = Debug|Any CPU
		{242F9216-FEC3-F664-16F4-F5A60017E0ED}.Debug|Any CPU.Build.0 = Debug|Any CPU
		{242F9216-FEC3-F664-16F4-F5A60017E0ED}.Release|Any CPU.ActiveCfg = Release|Any CPU
		{242F9216-FEC3-F664-16F4-F5A60017E0ED}.Release|Any CPU.Build.0 = Release|Any CPU
	EndGlobalSection
	GlobalSection(SolutionProperties) = preSolution
		HideSolutionNode = FALSE
	EndGlobalSection
	GlobalSection(MonoDevelopProperties) = preSolution
		StartupItem = Assembly-CSharp.csproj
	EndGlobalSection
EndGlobal
