
Microsoft Visual Studio Solution File, Format Version 12.00
# Visual Studio 2015
Project("{FAE04EC0-301F-11D3-BF4B-00C04F79EFBC}") = "Stadium3D.CSharp", "Stadium3D.CSharp.csproj", "{E3B4F4C2-607C-EF96-F750-E6FEE0EE5B7D}"
EndProject
Global
	GlobalSection(SolutionConfigurationPlatforms) = preSolution
		Debug|Any CPU = Debug|Any CPU
		Release|Any CPU = Release|Any CPU
	EndGlobalSection
	GlobalSection(ProjectConfigurationPlatforms) = postSolution
		{E3B4F4C2-607C-EF96-F750-E6FEE0EE5B7D}.Debug|Any CPU.ActiveCfg = Debug|Any CPU
		{E3B4F4C2-607C-EF96-F750-E6FEE0EE5B7D}.Debug|Any CPU.Build.0 = Debug|Any CPU
		{E3B4F4C2-607C-EF96-F750-E6FEE0EE5B7D}.Release|Any CPU.ActiveCfg = Release|Any CPU
		{E3B4F4C2-607C-EF96-F750-E6FEE0EE5B7D}.Release|Any CPU.Build.0 = Release|Any CPU
	EndGlobalSection
	GlobalSection(SolutionProperties) = preSolution
		HideSolutionNode = FALSE
	EndGlobalSection
EndGlobal
